
Microsoft Visual Studio Solution File, Format Version 12.00
# Visual Studio Version 17
VisualStudioVersion = 17.0.32002.185
MinimumVisualStudioVersion = 10.0.40219.1
Project("{9A19103F-16F7-4668-BE54-9A1E7A4F7556}") = "Compilers", "Compilers.csproj", "{3F0633C9-1C32-46EA-B2DD-ADEDC78522F2}"
EndProject
Project("{2150E333-8FDC-42A3-9474-1A3956D46DE8}") = "Solution Items", "Solution Items", "{969CDDF2-8E15-47A1-8C40-A087A92C4A5B}"
	ProjectSection(SolutionItems) = preProject
		.editorconfig = .editorconfig
	EndProjectSection
EndProject
Global
	GlobalSection(SolutionConfigurationPlatforms) = preSolution
		Debug|Any CPU = Debug|Any CPU
		Release|Any CPU = Release|Any CPU
	EndGlobalSection
	GlobalSection(ProjectConfigurationPlatforms) = postSolution
		{3F0633C9-1C32-46EA-B2DD-ADEDC78522F2}.Debug|Any CPU.ActiveCfg = Debug|Any CPU
		{3F0633C9-1C32-46EA-B2DD-ADEDC78522F2}.Debug|Any CPU.Build.0 = Debug|Any CPU
		{3F0633C9-1C32-46EA-B2DD-ADEDC78522F2}.Release|Any CPU.ActiveCfg = Release|Any CPU
		{3F0633C9-1C32-46EA-B2DD-ADEDC78522F2}.Release|Any CPU.Build.0 = Release|Any CPU
	EndGlobalSection
	GlobalSection(SolutionProperties) = preSolution
		HideSolutionNode = FALSE
	EndGlobalSection
	GlobalSection(ExtensibilityGlobals) = postSolution
		SolutionGuid = {0D8AB7C6-EA1E-4114-95D0-444F6905362C}
	EndGlobalSection
EndGlobal
